
Microsoft Visual Studio Solution File, Format Version 12.00
# Visual Studio Version 17
VisualStudioVersion = 17.14.36301.6 d17.14
MinimumVisualStudioVersion = 10.0.40219.1
Project("{FAE04EC0-301F-11D3-BF4B-00C04F79EFBC}") = "AutoPortfolio", "AutoPortfolio\AutoPortfolio.csproj", "{2FA4EB77-E827-4BDF-9B56-5C7043D67732}"
EndProject
Global
	GlobalSection(SolutionConfigurationPlatforms) = preSolution
		Debug|Any CPU = Debug|Any CPU
		Release|Any CPU = Release|Any CPU
	EndGlobalSection
	GlobalSection(ProjectConfigurationPlatforms) = postSolution
		{2FA4EB77-E827-4BDF-9B56-5C7043D67732}.Debug|Any CPU.ActiveCfg = Debug|Any CPU
		{2FA4EB77-E827-4BDF-9B56-5C7043D67732}.Debug|Any CPU.Build.0 = Debug|Any CPU
		{2FA4EB77-E827-4BDF-9B56-5C7043D67732}.Release|Any CPU.ActiveCfg = Release|Any CPU
		{2FA4EB77-E827-4BDF-9B56-5C7043D67732}.Release|Any CPU.Build.0 = Release|Any CPU
	EndGlobalSection
	GlobalSection(SolutionProperties) = preSolution
		HideSolutionNode = FALSE
	EndGlobalSection
	GlobalSection(ExtensibilityGlobals) = postSolution
		SolutionGuid = {B9892298-7A03-4818-8970-FDBBBD258B4C}
	EndGlobalSection
EndGlobal
